
Microsoft Visual Studio Solution File, Format Version 12.00
# Visual Studio Version 16
VisualStudioVersion = 16.0.30011.22
MinimumVisualStudioVersion = 10.0.40219.1
Project("{8BC9CEB8-8B4A-11D0-8D11-00A0C91BC942}") = "자료구조", "자료구조\자료구조.vcxproj", "{46F2D528-5F73-4232-806A-7891FE1C0855}"
EndProject
Project("{8BC9CEB8-8B4A-11D0-8D11-00A0C91BC942}") = "1주차", "ch01_test02\ch01_test02.vcxproj", "{2A60D9FD-04FE-4C0C-A4E5-5BD10262132C}"
EndProject
Project("{8BC9CEB8-8B4A-11D0-8D11-00A0C91BC942}") = "2주차", "2주차\2주차.vcxproj", "{73FBAF05-85EB-49E1-A30D-0AFFBF27F201}"
EndProject
Project("{8BC9CEB8-8B4A-11D0-8D11-00A0C91BC942}") = "3주차", "3주차\3주차.vcxproj", "{E66F2FA5-8189-4831-9447-7DE7B3122430}"
EndProject
Project("{8BC9CEB8-8B4A-11D0-8D11-00A0C91BC942}") = "4주차", "4주차\4주차.vcxproj", "{22B84589-0103-4AFB-A3AC-842D5A6D944F}"
EndProject
Global
	GlobalSection(SolutionConfigurationPlatforms) = preSolution
		Debug|x64 = Debug|x64
		Debug|x86 = Debug|x86
		Release|x64 = Release|x64
		Release|x86 = Release|x86
	EndGlobalSection
	GlobalSection(ProjectConfigurationPlatforms) = postSolution
		{46F2D528-5F73-4232-806A-7891FE1C0855}.Debug|x64.ActiveCfg = Debug|x64
		{46F2D528-5F73-4232-806A-7891FE1C0855}.Debug|x64.Build.0 = Debug|x64
		{46F2D528-5F73-4232-806A-7891FE1C0855}.Debug|x86.ActiveCfg = Debug|Win32
		{46F2D528-5F73-4232-806A-7891FE1C0855}.Debug|x86.Build.0 = Debug|Win32
		{46F2D528-5F73-4232-806A-7891FE1C0855}.Release|x64.ActiveCfg = Release|x64
		{46F2D528-5F73-4232-806A-7891FE1C0855}.Release|x64.Build.0 = Release|x64
		{46F2D528-5F73-4232-806A-7891FE1C0855}.Release|x86.ActiveCfg = Release|Win32
		{46F2D528-5F73-4232-806A-7891FE1C0855}.Release|x86.Build.0 = Release|Win32
		{2A60D9FD-04FE-4C0C-A4E5-5BD10262132C}.Debug|x64.ActiveCfg = Debug|x64
		{2A60D9FD-04FE-4C0C-A4E5-5BD10262132C}.Debug|x64.Build.0 = Debug|x64
		{2A60D9FD-04FE-4C0C-A4E5-5BD10262132C}.Debug|x86.ActiveCfg = Debug|Win32
		{2A60D9FD-04FE-4C0C-A4E5-5BD10262132C}.Debug|x86.Build.0 = Debug|Win32
		{2A60D9FD-04FE-4C0C-A4E5-5BD10262132C}.Release|x64.ActiveCfg = Release|x64
		{2A60D9FD-04FE-4C0C-A4E5-5BD10262132C}.Release|x64.Build.0 = Release|x64
		{2A60D9FD-04FE-4C0C-A4E5-5BD10262132C}.Release|x86.ActiveCfg = Release|Win32
		{2A60D9FD-04FE-4C0C-A4E5-5BD10262132C}.Release|x86.Build.0 = Release|Win32
		{73FBAF05-85EB-49E1-A30D-0AFFBF27F201}.Debug|x64.ActiveCfg = Debug|x64
		{73FBAF05-85EB-49E1-A30D-0AFFBF27F201}.Debug|x64.Build.0 = Debug|x64
		{73FBAF05-85EB-49E1-A30D-0AFFBF27F201}.Debug|x86.ActiveCfg = Debug|Win32
		{73FBAF05-85EB-49E1-A30D-0AFFBF27F201}.Debug|x86.Build.0 = Debug|Win32
		{73FBAF05-85EB-49E1-A30D-0AFFBF27F201}.Release|x64.ActiveCfg = Release|x64
		{73FBAF05-85EB-49E1-A30D-0AFFBF27F201}.Release|x64.Build.0 = Release|x64
		{73FBAF05-85EB-49E1-A30D-0AFFBF27F201}.Release|x86.ActiveCfg = Release|Win32
		{73FBAF05-85EB-49E1-A30D-0AFFBF27F201}.Release|x86.Build.0 = Release|Win32
		{E66F2FA5-8189-4831-9447-7DE7B3122430}.Debug|x64.ActiveCfg = Debug|x64
		{E66F2FA5-8189-4831-9447-7DE7B3122430}.Debug|x64.Build.0 = Debug|x64
		{E66F2FA5-8189-4831-9447-7DE7B3122430}.Debug|x86.ActiveCfg = Debug|Win32
		{E66F2FA5-8189-4831-9447-7DE7B3122430}.Debug|x86.Build.0 = Debug|Win32
		{E66F2FA5-8189-4831-9447-7DE7B3122430}.Release|x64.ActiveCfg = Release|x64
		{E66F2FA5-8189-4831-9447-7DE7B3122430}.Release|x64.Build.0 = Release|x64
		{E66F2FA5-8189-4831-9447-7DE7B3122430}.Release|x86.ActiveCfg = Release|Win32
		{E66F2FA5-8189-4831-9447-7DE7B3122430}.Release|x86.Build.0 = Release|Win32
		{22B84589-0103-4AFB-A3AC-842D5A6D944F}.Debug|x64.ActiveCfg = Debug|x64
		{22B84589-0103-4AFB-A3AC-842D5A6D944F}.Debug|x64.Build.0 = Debug|x64
		{22B84589-0103-4AFB-A3AC-842D5A6D944F}.Debug|x86.ActiveCfg = Debug|Win32
		{22B84589-0103-4AFB-A3AC-842D5A6D944F}.Debug|x86.Build.0 = Debug|Win32
		{22B84589-0103-4AFB-A3AC-842D5A6D944F}.Release|x64.ActiveCfg = Release|x64
		{22B84589-0103-4AFB-A3AC-842D5A6D944F}.Release|x64.Build.0 = Release|x64
		{22B84589-0103-4AFB-A3AC-842D5A6D944F}.Release|x86.ActiveCfg = Release|Win32
		{22B84589-0103-4AFB-A3AC-842D5A6D944F}.Release|x86.Build.0 = Release|Win32
	EndGlobalSection
	GlobalSection(SolutionProperties) = preSolution
		HideSolutionNode = FALSE
	EndGlobalSection
	GlobalSection(ExtensibilityGlobals) = postSolution
		SolutionGuid = {0EA20DB3-FB35-4C71-A3A9-9146D4B55CFF}
	EndGlobalSection
EndGlobal
